
Microsoft Visual Studio Solution File, Format Version 12.00
# Visual Studio Version 17
VisualStudioVersion = 17.9.34701.34
MinimumVisualStudioVersion = 10.0.40219.1
Project("{FAE04EC0-301F-11D3-BF4B-00C04F79EFBC}") = "ProyectoGibHup", "ProyectoGibHup.csproj", "{A1206F39-AF0B-4DE6-AFAD-DA625677A689}"
EndProject
Global
	GlobalSection(SolutionConfigurationPlatforms) = preSolution
		Debug|Any CPU = Debug|Any CPU
		Release|Any CPU = Release|Any CPU
	EndGlobalSection
	GlobalSection(ProjectConfigurationPlatforms) = postSolution
		{A1206F39-AF0B-4DE6-AFAD-DA625677A689}.Debug|Any CPU.ActiveCfg = Debug|Any CPU
		{A1206F39-AF0B-4DE6-AFAD-DA625677A689}.Debug|Any CPU.Build.0 = Debug|Any CPU
		{A1206F39-AF0B-4DE6-AFAD-DA625677A689}.Release|Any CPU.ActiveCfg = Release|Any CPU
		{A1206F39-AF0B-4DE6-AFAD-DA625677A689}.Release|Any CPU.Build.0 = Release|Any CPU
	EndGlobalSection
	GlobalSection(SolutionProperties) = preSolution
		HideSolutionNode = FALSE
	EndGlobalSection
	GlobalSection(ExtensibilityGlobals) = postSolution
		SolutionGuid = {89CD3F0D-399D-432E-9F61-AFAE96A1C8BA}
	EndGlobalSection
EndGlobal
